{
  "name": "zap-tcm",
  "version": "1.0.0",
  "lockfileVersion": 3,
  "requires": true,
  "packages": {
    "": {
      "name": "zap-tcm",
      "version": "1.0.0",
      "license": "MIT",
      "dependencies": {
        "unique-custom-id": "^3.1.0"
      },
      "bin": {
        "zap": "index.js"
      }
    },
    "node_modules/unique-custom-id": {
      "version": "3.1.0",
      "resolved": "https://registry.npmjs.org/unique-custom-id/-/unique-custom-id-3.1.0.tgz",
      "integrity": "sha512-1vnvuv6K/i2nlevgnOpa5ocx4VUCDM7Ugbaj9h2JtrgdGoho/ZpLu2Iy6J0gc0dB10HkHyR0j6dmLbu3XFcoEA==",
      "license": "MIT",
      "bin": {
        "ucid": "cli/cli.js"
      }
    }
  }
}
